// !$*UTF8*$!
{
	archiveVersion = 1;
	classes = {
	};
	objectVersion = 46;
	objects = {

/* Begin PBXBuildFile section */
		9000D54A16E092F000CE7421 /* cardback.png in Resources */ = {isa = PBXBuildFile; fileRef = 9000D52E16E092F000CE7421 /* cardback.png */; };
		9000D54B16E092F000CE7421 /* J♠.jpg in Resources */ = {isa = PBXBuildFile; fileRef = 9000D53016E092F000CE7421 /* J♠.jpg */; };
		9000D54C16E092F000CE7421 /* J♠@2x.jpg in Resources */ = {isa = PBXBuildFile; fileRef = 9000D53116E092F000CE7421 /* J♠@2x.jpg */; };
		9000D54D16E092F000CE7421 /* J♣.jpg in Resources */ = {isa = PBXBuildFile; fileRef = 9000D53216E092F000CE7421 /* J♣.jpg */; };
		9000D54E16E092F000CE7421 /* J♣@2x.jpg in Resources */ = {isa = PBXBuildFile; fileRef = 9000D53316E092F000CE7421 /* J♣@2x.jpg */; };
		9000D54F16E092F000CE7421 /* J♥.jpg in Resources */ = {isa = PBXBuildFile; fileRef = 9000D53416E092F000CE7421 /* J♥.jpg */; };
		9000D55016E092F000CE7421 /* J♥@2x.jpg in Resources */ = {isa = PBXBuildFile; fileRef = 9000D53516E092F000CE7421 /* J♥@2x.jpg */; };
		9000D55116E092F000CE7421 /* J♦.jpg in Resources */ = {isa = PBXBuildFile; fileRef = 9000D53616E092F000CE7421 /* J♦.jpg */; };
		9000D55216E092F000CE7421 /* J♦@2x.jpg in Resources */ = {isa = PBXBuildFile; fileRef = 9000D53716E092F000CE7421 /* J♦@2x.jpg */; };
		9000D55316E092F000CE7421 /* K♠.jpg in Resources */ = {isa = PBXBuildFile; fileRef = 9000D53816E092F000CE7421 /* K♠.jpg */; };
		9000D55416E092F000CE7421 /* K♠@2x.jpg in Resources */ = {isa = PBXBuildFile; fileRef = 9000D53916E092F000CE7421 /* K♠@2x.jpg */; };
		9000D55516E092F000CE7421 /* K♣.jpg in Resources */ = {isa = PBXBuildFile; fileRef = 9000D53A16E092F000CE7421 /* K♣.jpg */; };
		9000D55616E092F000CE7421 /* K♣@2x.jpg in Resources */ = {isa = PBXBuildFile; fileRef = 9000D53B16E092F000CE7421 /* K♣@2x.jpg */; };
		9000D55716E092F000CE7421 /* K♥.jpg in Resources */ = {isa = PBXBuildFile; fileRef = 9000D53C16E092F000CE7421 /* K♥.jpg */; };
		9000D55816E092F000CE7421 /* K♥@2x.jpg in Resources */ = {isa = PBXBuildFile; fileRef = 9000D53D16E092F000CE7421 /* K♥@2x.jpg */; };
		9000D55916E092F000CE7421 /* K♦.jpg in Resources */ = {isa = PBXBuildFile; fileRef = 9000D53E16E092F000CE7421 /* K♦.jpg */; };
		9000D55A16E092F000CE7421 /* K♦@2x.jpg in Resources */ = {isa = PBXBuildFile; fileRef = 9000D53F16E092F000CE7421 /* K♦@2x.jpg */; };
		9000D55B16E092F000CE7421 /* Q♠.jpg in Resources */ = {isa = PBXBuildFile; fileRef = 9000D54016E092F000CE7421 /* Q♠.jpg */; };
		9000D55C16E092F000CE7421 /* Q♠@2x.jpg in Resources */ = {isa = PBXBuildFile; fileRef = 9000D54116E092F000CE7421 /* Q♠@2x.jpg */; };
		9000D55D16E092F000CE7421 /* Q♣.jpg in Resources */ = {isa = PBXBuildFile; fileRef = 9000D54216E092F000CE7421 /* Q♣.jpg */; };
		9000D55E16E092F000CE7421 /* Q♣@2x.jpg in Resources */ = {isa = PBXBuildFile; fileRef = 9000D54316E092F000CE7421 /* Q♣@2x.jpg */; };
		9000D55F16E092F000CE7421 /* Q♥.jpg in Resources */ = {isa = PBXBuildFile; fileRef = 9000D54416E092F000CE7421 /* Q♥.jpg */; };
		9000D56016E092F000CE7421 /* Q♥@2x.jpg in Resources */ = {isa = PBXBuildFile; fileRef = 9000D54516E092F000CE7421 /* Q♥@2x.jpg */; };
		9000D56116E092F000CE7421 /* Q♦.jpg in Resources */ = {isa = PBXBuildFile; fileRef = 9000D54616E092F000CE7421 /* Q♦.jpg */; };
		9000D56216E092F000CE7421 /* Q♦@2x.jpg in Resources */ = {isa = PBXBuildFile; fileRef = 9000D54716E092F000CE7421 /* Q♦@2x.jpg */; };
		9000D56316E092F000CE7421 /* PlayingCardView.m in Sources */ = {isa = PBXBuildFile; fileRef = 9000D54916E092F000CE7421 /* PlayingCardView.m */; };
		9000D56A16E1494900CE7421 /* PlayingCardCollectionViewCell.m in Sources */ = {isa = PBXBuildFile; fileRef = 9000D56916E1494900CE7421 /* PlayingCardCollectionViewCell.m */; };
		9000D57216E1E0C100CE7421 /* SetCardView.m in Sources */ = {isa = PBXBuildFile; fileRef = 9000D57116E1E0C100CE7421 /* SetCardView.m */; };
		9000D57516E1E3BB00CE7421 /* SetCardViewCell.m in Sources */ = {isa = PBXBuildFile; fileRef = 9000D57416E1E3BA00CE7421 /* SetCardViewCell.m */; };
		9000D57816E28DF500CE7421 /* MatchingGame.m in Sources */ = {isa = PBXBuildFile; fileRef = 9000D57716E28DF400CE7421 /* MatchingGame.m */; };
		906EDE3B16BDB30A00FF59DF /* Card.m in Sources */ = {isa = PBXBuildFile; fileRef = 906EDE3616BDB30A00FF59DF /* Card.m */; };
		906EDE3C16BDB30A00FF59DF /* CardGameViewController.m in Sources */ = {isa = PBXBuildFile; fileRef = 906EDE3816BDB30A00FF59DF /* CardGameViewController.m */; };
		906EDE3D16BDB30A00FF59DF /* Deck.m in Sources */ = {isa = PBXBuildFile; fileRef = 906EDE3A16BDB30A00FF59DF /* Deck.m */; };
		906EDE4216BDB33D00FF59DF /* PlayingCard.m in Sources */ = {isa = PBXBuildFile; fileRef = 906EDE3F16BDB33D00FF59DF /* PlayingCard.m */; };
		906EDE4316BDB33D00FF59DF /* PlayingCardDeck.m in Sources */ = {isa = PBXBuildFile; fileRef = 906EDE4116BDB33D00FF59DF /* PlayingCardDeck.m */; };
		90A7C17016BDAE7D0037D18D /* UIKit.framework in Frameworks */ = {isa = PBXBuildFile; fileRef = 90A7C16F16BDAE7D0037D18D /* UIKit.framework */; };
		90A7C17216BDAE7D0037D18D /* Foundation.framework in Frameworks */ = {isa = PBXBuildFile; fileRef = 90A7C17116BDAE7D0037D18D /* Foundation.framework */; };
		90A7C17416BDAE7D0037D18D /* CoreGraphics.framework in Frameworks */ = {isa = PBXBuildFile; fileRef = 90A7C17316BDAE7D0037D18D /* CoreGraphics.framework */; };
		90A7C17A16BDAE7D0037D18D /* InfoPlist.strings in Resources */ = {isa = PBXBuildFile; fileRef = 90A7C17816BDAE7D0037D18D /* InfoPlist.strings */; };
		90A7C17C16BDAE7D0037D18D /* main.m in Sources */ = {isa = PBXBuildFile; fileRef = 90A7C17B16BDAE7D0037D18D /* main.m */; };
		90A7C18016BDAE7D0037D18D /* matchismoAppDelegate.m in Sources */ = {isa = PBXBuildFile; fileRef = 90A7C17F16BDAE7D0037D18D /* matchismoAppDelegate.m */; };
		90A7C18216BDAE7D0037D18D /* Default.png in Resources */ = {isa = PBXBuildFile; fileRef = 90A7C18116BDAE7D0037D18D /* Default.png */; };
		90A7C18416BDAE7D0037D18D /* Default@2x.png in Resources */ = {isa = PBXBuildFile; fileRef = 90A7C18316BDAE7D0037D18D /* Default@2x.png */; };
		90A7C18616BDAE7D0037D18D /* Default-568h@2x.png in Resources */ = {isa = PBXBuildFile; fileRef = 90A7C18516BDAE7D0037D18D /* Default-568h@2x.png */; };
		90A7C18916BDAE7D0037D18D /* MainStoryboard_iPhone.storyboard in Resources */ = {isa = PBXBuildFile; fileRef = 90A7C18716BDAE7D0037D18D /* MainStoryboard_iPhone.storyboard */; };
		90A7C18C16BDAE7D0037D18D /* MainStoryboard_iPad.storyboard in Resources */ = {isa = PBXBuildFile; fileRef = 90A7C18A16BDAE7D0037D18D /* MainStoryboard_iPad.storyboard */; };
		90CE7CA816C5A58500DBE7B0 /* Icon.png in Resources */ = {isa = PBXBuildFile; fileRef = 90CE7CA716C5A58500DBE7B0 /* Icon.png */; };
		90CE7CAB16C5AD6D00DBE7B0 /* CardMatchingGame.m in Sources */ = {isa = PBXBuildFile; fileRef = 90CE7CAA16C5AD6D00DBE7B0 /* CardMatchingGame.m */; };
		90CFA76B16D023D900B92097 /* SetGameViewController.m in Sources */ = {isa = PBXBuildFile; fileRef = 90CFA76A16D023D900B92097 /* SetGameViewController.m */; };
		90CFA76F16D0297F00B92097 /* SetMatchingGame.m in Sources */ = {isa = PBXBuildFile; fileRef = 90CFA76E16D0297F00B92097 /* SetMatchingGame.m */; };
		90CFA77216D0328F00B92097 /* SetCard.m in Sources */ = {isa = PBXBuildFile; fileRef = 90CFA77116D0328F00B92097 /* SetCard.m */; };
		90CFA77516D032BA00B92097 /* SetCardDeck.m in Sources */ = {isa = PBXBuildFile; fileRef = 90CFA77416D032BA00B92097 /* SetCardDeck.m */; };
		90CFA77D16D4736500B92097 /* GameViewController.m in Sources */ = {isa = PBXBuildFile; fileRef = 90CFA77C16D4736400B92097 /* GameViewController.m */; };
/* End PBXBuildFile section */

/* Begin PBXFileReference section */
		9000D52E16E092F000CE7421 /* cardback.png */ = {isa = PBXFileReference; lastKnownFileType = image.png; path = cardback.png; sourceTree = "<group>"; };
		9000D53016E092F000CE7421 /* J♠.jpg */ = {isa = PBXFileReference; lastKnownFileType = image.jpeg; path = "J♠.jpg"; sourceTree = "<group>"; };
		9000D53116E092F000CE7421 /* J♠@2x.jpg */ = {isa = PBXFileReference; lastKnownFileType = image.jpeg; path = "J♠@2x.jpg"; sourceTree = "<group>"; };
		9000D53216E092F000CE7421 /* J♣.jpg */ = {isa = PBXFileReference; lastKnownFileType = image.jpeg; path = "J♣.jpg"; sourceTree = "<group>"; };
		9000D53316E092F000CE7421 /* J♣@2x.jpg */ = {isa = PBXFileReference; lastKnownFileType = image.jpeg; path = "J♣@2x.jpg"; sourceTree = "<group>"; };
		9000D53416E092F000CE7421 /* J♥.jpg */ = {isa = PBXFileReference; lastKnownFileType = image.jpeg; path = "J♥.jpg"; sourceTree = "<group>"; };
		9000D53516E092F000CE7421 /* J♥@2x.jpg */ = {isa = PBXFileReference; lastKnownFileType = image.jpeg; path = "J♥@2x.jpg"; sourceTree = "<group>"; };
		9000D53616E092F000CE7421 /* J♦.jpg */ = {isa = PBXFileReference; lastKnownFileType = image.jpeg; path = "J♦.jpg"; sourceTree = "<group>"; };
		9000D53716E092F000CE7421 /* J♦@2x.jpg */ = {isa = PBXFileReference; lastKnownFileType = image.jpeg; path = "J♦@2x.jpg"; sourceTree = "<group>"; };
		9000D53816E092F000CE7421 /* K♠.jpg */ = {isa = PBXFileReference; lastKnownFileType = image.jpeg; path = "K♠.jpg"; sourceTree = "<group>"; };
		9000D53916E092F000CE7421 /* K♠@2x.jpg */ = {isa = PBXFileReference; lastKnownFileType = image.jpeg; path = "K♠@2x.jpg"; sourceTree = "<group>"; };
		9000D53A16E092F000CE7421 /* K♣.jpg */ = {isa = PBXFileReference; lastKnownFileType = image.jpeg; path = "K♣.jpg"; sourceTree = "<group>"; };
		9000D53B16E092F000CE7421 /* K♣@2x.jpg */ = {isa = PBXFileReference; lastKnownFileType = image.jpeg; path = "K♣@2x.jpg"; sourceTree = "<group>"; };
		9000D53C16E092F000CE7421 /* K♥.jpg */ = {isa = PBXFileReference; lastKnownFileType = image.jpeg; path = "K♥.jpg"; sourceTree = "<group>"; };
		9000D53D16E092F000CE7421 /* K♥@2x.jpg */ = {isa = PBXFileReference; lastKnownFileType = image.jpeg; path = "K♥@2x.jpg"; sourceTree = "<group>"; };
		9000D53E16E092F000CE7421 /* K♦.jpg */ = {isa = PBXFileReference; lastKnownFileType = image.jpeg; path = "K♦.jpg"; sourceTree = "<group>"; };
		9000D53F16E092F000CE7421 /* K♦@2x.jpg */ = {isa = PBXFileReference; lastKnownFileType = image.jpeg; path = "K♦@2x.jpg"; sourceTree = "<group>"; };
		9000D54016E092F000CE7421 /* Q♠.jpg */ = {isa = PBXFileReference; lastKnownFileType = image.jpeg; path = "Q♠.jpg"; sourceTree = "<group>"; };
		9000D54116E092F000CE7421 /* Q♠@2x.jpg */ = {isa = PBXFileReference; lastKnownFileType = image.jpeg; path = "Q♠@2x.jpg"; sourceTree = "<group>"; };
		9000D54216E092F000CE7421 /* Q♣.jpg */ = {isa = PBXFileReference; lastKnownFileType = image.jpeg; path = "Q♣.jpg"; sourceTree = "<group>"; };
		9000D54316E092F000CE7421 /* Q♣@2x.jpg */ = {isa = PBXFileReference; lastKnownFileType = image.jpeg; path = "Q♣@2x.jpg"; sourceTree = "<group>"; };
		9000D54416E092F000CE7421 /* Q♥.jpg */ = {isa = PBXFileReference; lastKnownFileType = image.jpeg; path = "Q♥.jpg"; sourceTree = "<group>"; };
		9000D54516E092F000CE7421 /* Q♥@2x.jpg */ = {isa = PBXFileReference; lastKnownFileType = image.jpeg; path = "Q♥@2x.jpg"; sourceTree = "<group>"; };
		9000D54616E092F000CE7421 /* Q♦.jpg */ = {isa = PBXFileReference; lastKnownFileType = image.jpeg; path = "Q♦.jpg"; sourceTree = "<group>"; };
		9000D54716E092F000CE7421 /* Q♦@2x.jpg */ = {isa = PBXFileReference; lastKnownFileType = image.jpeg; path = "Q♦@2x.jpg"; sourceTree = "<group>"; };
		9000D54816E092F000CE7421 /* PlayingCardView.h */ = {isa = PBXFileReference; fileEncoding = 4; lastKnownFileType = sourcecode.c.h; path = PlayingCardView.h; sourceTree = "<group>"; };
		9000D54916E092F000CE7421 /* PlayingCardView.m */ = {isa = PBXFileReference; fileEncoding = 4; lastKnownFileType = sourcecode.c.objc; path = PlayingCardView.m; sourceTree = "<group>"; };
		9000D56816E1494900CE7421 /* PlayingCardCollectionViewCell.h */ = {isa = PBXFileReference; fileEncoding = 4; lastKnownFileType = sourcecode.c.h; path = PlayingCardCollectionViewCell.h; sourceTree = "<group>"; };
		9000D56916E1494900CE7421 /* PlayingCardCollectionViewCell.m */ = {isa = PBXFileReference; fileEncoding = 4; lastKnownFileType = sourcecode.c.objc; path = PlayingCardCollectionViewCell.m; sourceTree = "<group>"; };
		9000D57016E1E0C100CE7421 /* SetCardView.h */ = {isa = PBXFileReference; fileEncoding = 4; lastKnownFileType = sourcecode.c.h; name = SetCardView.h; path = Matchismo/SetCardView/SetCardView.h; sourceTree = SOURCE_ROOT; };
		9000D57116E1E0C100CE7421 /* SetCardView.m */ = {isa = PBXFileReference; fileEncoding = 4; lastKnownFileType = sourcecode.c.objc; name = SetCardView.m; path = Matchismo/SetCardView/SetCardView.m; sourceTree = SOURCE_ROOT; };
		9000D57316E1E3B900CE7421 /* SetCardViewCell.h */ = {isa = PBXFileReference; fileEncoding = 4; lastKnownFileType = sourcecode.c.h; path = SetCardViewCell.h; sourceTree = "<group>"; };
		9000D57416E1E3BA00CE7421 /* SetCardViewCell.m */ = {isa = PBXFileReference; fileEncoding = 4; lastKnownFileType = sourcecode.c.objc; path = SetCardViewCell.m; sourceTree = "<group>"; };
		9000D57616E28DF300CE7421 /* MatchingGame.h */ = {isa = PBXFileReference; fileEncoding = 4; lastKnownFileType = sourcecode.c.h; path = MatchingGame.h; sourceTree = "<group>"; };
		9000D57716E28DF400CE7421 /* MatchingGame.m */ = {isa = PBXFileReference; fileEncoding = 4; lastKnownFileType = sourcecode.c.objc; path = MatchingGame.m; sourceTree = "<group>"; };
		906EDE3516BDB30A00FF59DF /* Card.h */ = {isa = PBXFileReference; fileEncoding = 4; lastKnownFileType = sourcecode.c.h; path = Card.h; sourceTree = "<group>"; };
		906EDE3616BDB30A00FF59DF /* Card.m */ = {isa = PBXFileReference; fileEncoding = 4; lastKnownFileType = sourcecode.c.objc; path = Card.m; sourceTree = "<group>"; };
		906EDE3716BDB30A00FF59DF /* CardGameViewController.h */ = {isa = PBXFileReference; fileEncoding = 4; lastKnownFileType = sourcecode.c.h; path = CardGameViewController.h; sourceTree = "<group>"; };
		906EDE3816BDB30A00FF59DF /* CardGameViewController.m */ = {isa = PBXFileReference; fileEncoding = 4; lastKnownFileType = sourcecode.c.objc; path = CardGameViewController.m; sourceTree = "<group>"; };
		906EDE3916BDB30A00FF59DF /* Deck.h */ = {isa = PBXFileReference; fileEncoding = 4; lastKnownFileType = sourcecode.c.h; path = Deck.h; sourceTree = "<group>"; };
		906EDE3A16BDB30A00FF59DF /* Deck.m */ = {isa = PBXFileReference; fileEncoding = 4; lastKnownFileType = sourcecode.c.objc; path = Deck.m; sourceTree = "<group>"; };
		906EDE3E16BDB33D00FF59DF /* PlayingCard.h */ = {isa = PBXFileReference; fileEncoding = 4; lastKnownFileType = sourcecode.c.h; path = PlayingCard.h; sourceTree = "<group>"; };
		906EDE3F16BDB33D00FF59DF /* PlayingCard.m */ = {isa = PBXFileReference; fileEncoding = 4; lastKnownFileType = sourcecode.c.objc; path = PlayingCard.m; sourceTree = "<group>"; };
		906EDE4016BDB33D00FF59DF /* PlayingCardDeck.h */ = {isa = PBXFileReference; fileEncoding = 4; lastKnownFileType = sourcecode.c.h; path = PlayingCardDeck.h; sourceTree = "<group>"; };
		906EDE4116BDB33D00FF59DF /* PlayingCardDeck.m */ = {isa = PBXFileReference; fileEncoding = 4; lastKnownFileType = sourcecode.c.objc; path = PlayingCardDeck.m; sourceTree = "<group>"; };
		90A7C16B16BDAE7D0037D18D /* Matchismo.app */ = {isa = PBXFileReference; explicitFileType = wrapper.application; includeInIndex = 0; path = Matchismo.app; sourceTree = BUILT_PRODUCTS_DIR; };
		90A7C16F16BDAE7D0037D18D /* UIKit.framework */ = {isa = PBXFileReference; lastKnownFileType = wrapper.framework; name = UIKit.framework; path = System/Library/Frameworks/UIKit.framework; sourceTree = SDKROOT; };
		90A7C17116BDAE7D0037D18D /* Foundation.framework */ = {isa = PBXFileReference; lastKnownFileType = wrapper.framework; name = Foundation.framework; path = System/Library/Frameworks/Foundation.framework; sourceTree = SDKROOT; };
		90A7C17316BDAE7D0037D18D /* CoreGraphics.framework */ = {isa = PBXFileReference; lastKnownFileType = wrapper.framework; name = CoreGraphics.framework; path = System/Library/Frameworks/CoreGraphics.framework; sourceTree = SDKROOT; };
		90A7C17716BDAE7D0037D18D /* Matchismo-Info.plist */ = {isa = PBXFileReference; lastKnownFileType = text.plist.xml; path = "Matchismo-Info.plist"; sourceTree = "<group>"; };
		90A7C17916BDAE7D0037D18D /* en */ = {isa = PBXFileReference; lastKnownFileType = text.plist.strings; name = en; path = en.lproj/InfoPlist.strings; sourceTree = "<group>"; };
		90A7C17B16BDAE7D0037D18D /* main.m */ = {isa = PBXFileReference; lastKnownFileType = sourcecode.c.objc; path = main.m; sourceTree = "<group>"; };
		90A7C17D16BDAE7D0037D18D /* Matchismo-Prefix.pch */ = {isa = PBXFileReference; lastKnownFileType = sourcecode.c.h; path = "Matchismo-Prefix.pch"; sourceTree = "<group>"; };
		90A7C17E16BDAE7D0037D18D /* matchismoAppDelegate.h */ = {isa = PBXFileReference; lastKnownFileType = sourcecode.c.h; path = matchismoAppDelegate.h; sourceTree = "<group>"; };
		90A7C17F16BDAE7D0037D18D /* matchismoAppDelegate.m */ = {isa = PBXFileReference; lastKnownFileType = sourcecode.c.objc; path = matchismoAppDelegate.m; sourceTree = "<group>"; };
		90A7C18116BDAE7D0037D18D /* Default.png */ = {isa = PBXFileReference; lastKnownFileType = image.png; path = Default.png; sourceTree = "<group>"; };
		90A7C18316BDAE7D0037D18D /* Default@2x.png */ = {isa = PBXFileReference; lastKnownFileType = image.png; path = "Default@2x.png"; sourceTree = "<group>"; };
		90A7C18516BDAE7D0037D18D /* Default-568h@2x.png */ = {isa = PBXFileReference; lastKnownFileType = image.png; path = "Default-568h@2x.png"; sourceTree = "<group>"; };
		90A7C18816BDAE7D0037D18D /* en */ = {isa = PBXFileReference; lastKnownFileType = file.storyboard; name = en; path = en.lproj/MainStoryboard_iPhone.storyboard; sourceTree = "<group>"; };
		90A7C18B16BDAE7D0037D18D /* en */ = {isa = PBXFileReference; lastKnownFileType = file.storyboard; name = en; path = en.lproj/MainStoryboard_iPad.storyboard; sourceTree = "<group>"; };
		90CE7CA716C5A58500DBE7B0 /* Icon.png */ = {isa = PBXFileReference; lastKnownFileType = image.png; name = Icon.png; path = "../../../../../we-compete/iOS App/weCompete/weCompete/images/Icon.png"; sourceTree = "<group>"; };
		90CE7CA916C5AD6D00DBE7B0 /* CardMatchingGame.h */ = {isa = PBXFileReference; fileEncoding = 4; lastKnownFileType = sourcecode.c.h; path = CardMatchingGame.h; sourceTree = "<group>"; };
		90CE7CAA16C5AD6D00DBE7B0 /* CardMatchingGame.m */ = {isa = PBXFileReference; fileEncoding = 4; lastKnownFileType = sourcecode.c.objc; path = CardMatchingGame.m; sourceTree = "<group>"; };
		90CFA76916D023D900B92097 /* SetGameViewController.h */ = {isa = PBXFileReference; fileEncoding = 4; lastKnownFileType = sourcecode.c.h; path = SetGameViewController.h; sourceTree = "<group>"; };
		90CFA76A16D023D900B92097 /* SetGameViewController.m */ = {isa = PBXFileReference; fileEncoding = 4; lastKnownFileType = sourcecode.c.objc; path = SetGameViewController.m; sourceTree = "<group>"; };
		90CFA76D16D0297F00B92097 /* SetMatchingGame.h */ = {isa = PBXFileReference; fileEncoding = 4; lastKnownFileType = sourcecode.c.h; path = SetMatchingGame.h; sourceTree = "<group>"; };
		90CFA76E16D0297F00B92097 /* SetMatchingGame.m */ = {isa = PBXFileReference; fileEncoding = 4; lastKnownFileType = sourcecode.c.objc; path = SetMatchingGame.m; sourceTree = "<group>"; };
		90CFA77016D0328F00B92097 /* SetCard.h */ = {isa = PBXFileReference; fileEncoding = 4; lastKnownFileType = sourcecode.c.h; path = SetCard.h; sourceTree = "<group>"; };
		90CFA77116D0328F00B92097 /* SetCard.m */ = {isa = PBXFileReference; fileEncoding = 4; lastKnownFileType = sourcecode.c.objc; path = SetCard.m; sourceTree = "<group>"; };
		90CFA77316D032BA00B92097 /* SetCardDeck.h */ = {isa = PBXFileReference; fileEncoding = 4; lastKnownFileType = sourcecode.c.h; path = SetCardDeck.h; sourceTree = "<group>"; };
		90CFA77416D032BA00B92097 /* SetCardDeck.m */ = {isa = PBXFileReference; fileEncoding = 4; lastKnownFileType = sourcecode.c.objc; path = SetCardDeck.m; sourceTree = "<group>"; };
		90CFA77B16D4736300B92097 /* GameViewController.h */ = {isa = PBXFileReference; fileEncoding = 4; lastKnownFileType = sourcecode.c.h; path = GameViewController.h; sourceTree = "<group>"; };
		90CFA77C16D4736400B92097 /* GameViewController.m */ = {isa = PBXFileReference; fileEncoding = 4; lastKnownFileType = sourcecode.c.objc; path = GameViewController.m; sourceTree = "<group>"; };
/* End PBXFileReference section */

/* Begin PBXFrameworksBuildPhase section */
		90A7C16816BDAE7D0037D18D /* Frameworks */ = {
			isa = PBXFrameworksBuildPhase;
			buildActionMask = 2147483647;
			files = (
				90A7C17016BDAE7D0037D18D /* UIKit.framework in Frameworks */,
				90A7C17216BDAE7D0037D18D /* Foundation.framework in Frameworks */,
				90A7C17416BDAE7D0037D18D /* CoreGraphics.framework in Frameworks */,
			);
			runOnlyForDeploymentPostprocessing = 0;
		};
/* End PBXFrameworksBuildPhase section */

/* Begin PBXGroup section */
		9000D52D16E092F000CE7421 /* PlayingCardView */ = {
			isa = PBXGroup;
			children = (
				9000D52E16E092F000CE7421 /* cardback.png */,
				9000D52F16E092F000CE7421 /* Face Card Images */,
				9000D54816E092F000CE7421 /* PlayingCardView.h */,
				9000D54916E092F000CE7421 /* PlayingCardView.m */,
			);
			path = PlayingCardView;
			sourceTree = "<group>";
		};
		9000D52F16E092F000CE7421 /* Face Card Images */ = {
			isa = PBXGroup;
			children = (
				9000D53016E092F000CE7421 /* J♠.jpg */,
				9000D53116E092F000CE7421 /* J♠@2x.jpg */,
				9000D53216E092F000CE7421 /* J♣.jpg */,
				9000D53316E092F000CE7421 /* J♣@2x.jpg */,
				9000D53416E092F000CE7421 /* J♥.jpg */,
				9000D53516E092F000CE7421 /* J♥@2x.jpg */,
				9000D53616E092F000CE7421 /* J♦.jpg */,
				9000D53716E092F000CE7421 /* J♦@2x.jpg */,
				9000D53816E092F000CE7421 /* K♠.jpg */,
				9000D53916E092F000CE7421 /* K♠@2x.jpg */,
				9000D53A16E092F000CE7421 /* K♣.jpg */,
				9000D53B16E092F000CE7421 /* K♣@2x.jpg */,
				9000D53C16E092F000CE7421 /* K♥.jpg */,
				9000D53D16E092F000CE7421 /* K♥@2x.jpg */,
				9000D53E16E092F000CE7421 /* K♦.jpg */,
				9000D53F16E092F000CE7421 /* K♦@2x.jpg */,
				9000D54016E092F000CE7421 /* Q♠.jpg */,
				9000D54116E092F000CE7421 /* Q♠@2x.jpg */,
				9000D54216E092F000CE7421 /* Q♣.jpg */,
				9000D54316E092F000CE7421 /* Q♣@2x.jpg */,
				9000D54416E092F000CE7421 /* Q♥.jpg */,
				9000D54516E092F000CE7421 /* Q♥@2x.jpg */,
				9000D54616E092F000CE7421 /* Q♦.jpg */,
				9000D54716E092F000CE7421 /* Q♦@2x.jpg */,
			);
			path = "Face Card Images";
			sourceTree = "<group>";
		};
		9000D56F16E1E06F00CE7421 /* SetCardView */ = {
			isa = PBXGroup;
			children = (
				9000D57016E1E0C100CE7421 /* SetCardView.h */,
				9000D57116E1E0C100CE7421 /* SetCardView.m */,
			);
			name = SetCardView;
			path = PlayingCardView;
			sourceTree = "<group>";
		};
		906EDE3316BDB2E500FF59DF /* Model */ = {
			isa = PBXGroup;
			children = (
				906EDE3E16BDB33D00FF59DF /* PlayingCard.h */,
				906EDE3F16BDB33D00FF59DF /* PlayingCard.m */,
				90CFA77016D0328F00B92097 /* SetCard.h */,
				90CFA77116D0328F00B92097 /* SetCard.m */,
				906EDE4016BDB33D00FF59DF /* PlayingCardDeck.h */,
				906EDE4116BDB33D00FF59DF /* PlayingCardDeck.m */,
				90CFA77316D032BA00B92097 /* SetCardDeck.h */,
				90CFA77416D032BA00B92097 /* SetCardDeck.m */,
				906EDE3516BDB30A00FF59DF /* Card.h */,
				906EDE3616BDB30A00FF59DF /* Card.m */,
				906EDE3916BDB30A00FF59DF /* Deck.h */,
				906EDE3A16BDB30A00FF59DF /* Deck.m */,
				9000D57716E28DF400CE7421 /* MatchingGame.m */,
				9000D57616E28DF300CE7421 /* MatchingGame.h */,
				90CE7CA916C5AD6D00DBE7B0 /* CardMatchingGame.h */,
				90CE7CAA16C5AD6D00DBE7B0 /* CardMatchingGame.m */,
				90CFA76D16D0297F00B92097 /* SetMatchingGame.h */,
				90CFA76E16D0297F00B92097 /* SetMatchingGame.m */,
			);
			name = Model;
			sourceTree = "<group>";
		};
		90A7C16016BDAE7C0037D18D = {
			isa = PBXGroup;
			children = (
				90A7C17516BDAE7D0037D18D /* Matchismo */,
				90A7C16E16BDAE7D0037D18D /* Frameworks */,
				90A7C16C16BDAE7D0037D18D /* Products */,
			);
			sourceTree = "<group>";
		};
		90A7C16C16BDAE7D0037D18D /* Products */ = {
			isa = PBXGroup;
			children = (
				90A7C16B16BDAE7D0037D18D /* Matchismo.app */,
			);
			name = Products;
			sourceTree = "<group>";
		};
		90A7C16E16BDAE7D0037D18D /* Frameworks */ = {
			isa = PBXGroup;
			children = (
				90A7C16F16BDAE7D0037D18D /* UIKit.framework */,
				90A7C17116BDAE7D0037D18D /* Foundation.framework */,
				90A7C17316BDAE7D0037D18D /* CoreGraphics.framework */,
			);
			name = Frameworks;
			sourceTree = "<group>";
		};
		90A7C17516BDAE7D0037D18D /* Matchismo */ = {
			isa = PBXGroup;
			children = (
				9000D52D16E092F000CE7421 /* PlayingCardView */,
				9000D56F16E1E06F00CE7421 /* SetCardView */,
				90CE7CA516C5A56E00DBE7B0 /* images */,
				906EDE3316BDB2E500FF59DF /* Model */,
				90CFA76916D023D900B92097 /* SetGameViewController.h */,
				90CFA76A16D023D900B92097 /* SetGameViewController.m */,
				906EDE3716BDB30A00FF59DF /* CardGameViewController.h */,
				906EDE3816BDB30A00FF59DF /* CardGameViewController.m */,
				90CFA77B16D4736300B92097 /* GameViewController.h */,
				90CFA77C16D4736400B92097 /* GameViewController.m */,
				9000D56816E1494900CE7421 /* PlayingCardCollectionViewCell.h */,
				9000D56916E1494900CE7421 /* PlayingCardCollectionViewCell.m */,
				9000D57316E1E3B900CE7421 /* SetCardViewCell.h */,
				9000D57416E1E3BA00CE7421 /* SetCardViewCell.m */,
				90A7C17E16BDAE7D0037D18D /* matchismoAppDelegate.h */,
				90A7C17F16BDAE7D0037D18D /* matchismoAppDelegate.m */,
				90A7C18716BDAE7D0037D18D /* MainStoryboard_iPhone.storyboard */,
				90A7C18A16BDAE7D0037D18D /* MainStoryboard_iPad.storyboard */,
				90A7C17616BDAE7D0037D18D /* Supporting Files */,
			);
			path = Matchismo;
			sourceTree = "<group>";
		};
		90A7C17616BDAE7D0037D18D /* Supporting Files */ = {
			isa = PBXGroup;
			children = (
				90A7C17716BDAE7D0037D18D /* Matchismo-Info.plist */,
				90A7C17816BDAE7D0037D18D /* InfoPlist.strings */,
				90A7C17B16BDAE7D0037D18D /* main.m */,
				90A7C17D16BDAE7D0037D18D /* Matchismo-Prefix.pch */,
				90A7C18116BDAE7D0037D18D /* Default.png */,
				90A7C18316BDAE7D0037D18D /* Default@2x.png */,
				90A7C18516BDAE7D0037D18D /* Default-568h@2x.png */,
			);
			name = "Supporting Files";
			sourceTree = "<group>";
		};
		90CE7CA516C5A56E00DBE7B0 /* images */ = {
			isa = PBXGroup;
			children = (
				90CE7CA716C5A58500DBE7B0 /* Icon.png */,
			);
			name = images;
			sourceTree = "<group>";
		};
/* End PBXGroup section */

/* Begin PBXNativeTarget section */
		90A7C16A16BDAE7D0037D18D /* Matchismo */ = {
			isa = PBXNativeTarget;
			buildConfigurationList = 90A7C19216BDAE7D0037D18D /* Build configuration list for PBXNativeTarget "Matchismo" */;
			buildPhases = (
				90A7C16716BDAE7D0037D18D /* Sources */,
				90A7C16816BDAE7D0037D18D /* Frameworks */,
				90A7C16916BDAE7D0037D18D /* Resources */,
			);
			buildRules = (
			);
			dependencies = (
			);
			name = Matchismo;
			productName = Matchismo;
			productReference = 90A7C16B16BDAE7D0037D18D /* Matchismo.app */;
			productType = "com.apple.product-type.application";
		};
/* End PBXNativeTarget section */

/* Begin PBXProject section */
		90A7C16216BDAE7C0037D18D /* Project object */ = {
			isa = PBXProject;
			attributes = {
				CLASSPREFIX = matchismo;
				LastUpgradeCheck = 0450;
				ORGANIZATIONNAME = "Eugene Chuvyrov";
			};
			buildConfigurationList = 90A7C16516BDAE7D0037D18D /* Build configuration list for PBXProject "Matchismo" */;
			compatibilityVersion = "Xcode 3.2";
			developmentRegion = English;
			hasScannedForEncodings = 0;
			knownRegions = (
				en,
			);
			mainGroup = 90A7C16016BDAE7C0037D18D;
			productRefGroup = 90A7C16C16BDAE7D0037D18D /* Products */;
			projectDirPath = "";
			projectRoot = "";
			targets = (
				90A7C16A16BDAE7D0037D18D /* Matchismo */,
			);
		};
/* End PBXProject section */

/* Begin PBXResourcesBuildPhase section */
		90A7C16916BDAE7D0037D18D /* Resources */ = {
			isa = PBXResourcesBuildPhase;
			buildActionMask = 2147483647;
			files = (
				90A7C17A16BDAE7D0037D18D /* InfoPlist.strings in Resources */,
				90A7C18216BDAE7D0037D18D /* Default.png in Resources */,
				90A7C18416BDAE7D0037D18D /* Default@2x.png in Resources */,
				90A7C18616BDAE7D0037D18D /* Default-568h@2x.png in Resources */,
				90A7C18916BDAE7D0037D18D /* MainStoryboard_iPhone.storyboard in Resources */,
				90A7C18C16BDAE7D0037D18D /* MainStoryboard_iPad.storyboard in Resources */,
				90CE7CA816C5A58500DBE7B0 /* Icon.png in Resources */,
				9000D54A16E092F000CE7421 /* cardback.png in Resources */,
				9000D54B16E092F000CE7421 /* J♠.jpg in Resources */,
				9000D54C16E092F000CE7421 /* J♠@2x.jpg in Resources */,
				9000D54D16E092F000CE7421 /* J♣.jpg in Resources */,
				9000D54E16E092F000CE7421 /* J♣@2x.jpg in Resources */,
				9000D54F16E092F000CE7421 /* J♥.jpg in Resources */,
				9000D55016E092F000CE7421 /* J♥@2x.jpg in Resources */,
				9000D55116E092F000CE7421 /* J♦.jpg in Resources */,
				9000D55216E092F000CE7421 /* J♦@2x.jpg in Resources */,
				9000D55316E092F000CE7421 /* K♠.jpg in Resources */,
				9000D55416E092F000CE7421 /* K♠@2x.jpg in Resources */,
				9000D55516E092F000CE7421 /* K♣.jpg in Resources */,
				9000D55616E092F000CE7421 /* K♣@2x.jpg in Resources */,
				9000D55716E092F000CE7421 /* K♥.jpg in Resources */,
				9000D55816E092F000CE7421 /* K♥@2x.jpg in Resources */,
				9000D55916E092F000CE7421 /* K♦.jpg in Resources */,
				9000D55A16E092F000CE7421 /* K♦@2x.jpg in Resources */,
				9000D55B16E092F000CE7421 /* Q♠.jpg in Resources */,
				9000D55C16E092F000CE7421 /* Q♠@2x.jpg in Resources */,
				9000D55D16E092F000CE7421 /* Q♣.jpg in Resources */,
				9000D55E16E092F000CE7421 /* Q♣@2x.jpg in Resources */,
				9000D55F16E092F000CE7421 /* Q♥.jpg in Resources */,
				9000D56016E092F000CE7421 /* Q♥@2x.jpg in Resources */,
				9000D56116E092F000CE7421 /* Q♦.jpg in Resources */,
				9000D56216E092F000CE7421 /* Q♦@2x.jpg in Resources */,
			);
			runOnlyForDeploymentPostprocessing = 0;
		};
/* End PBXResourcesBuildPhase section */

/* Begin PBXSourcesBuildPhase section */
		90A7C16716BDAE7D0037D18D /* Sources */ = {
			isa = PBXSourcesBuildPhase;
			buildActionMask = 2147483647;
			files = (
				90A7C17C16BDAE7D0037D18D /* main.m in Sources */,
				90A7C18016BDAE7D0037D18D /* matchismoAppDelegate.m in Sources */,
				906EDE3B16BDB30A00FF59DF /* Card.m in Sources */,
				90CFA77D16D4736500B92097 /* GameViewController.m in Sources */,
				906EDE3C16BDB30A00FF59DF /* CardGameViewController.m in Sources */,
				906EDE3D16BDB30A00FF59DF /* Deck.m in Sources */,
				906EDE4216BDB33D00FF59DF /* PlayingCard.m in Sources */,
				906EDE4316BDB33D00FF59DF /* PlayingCardDeck.m in Sources */,
				90CE7CAB16C5AD6D00DBE7B0 /* CardMatchingGame.m in Sources */,
				90CFA76B16D023D900B92097 /* SetGameViewController.m in Sources */,
				90CFA76F16D0297F00B92097 /* SetMatchingGame.m in Sources */,
				90CFA77216D0328F00B92097 /* SetCard.m in Sources */,
				90CFA77516D032BA00B92097 /* SetCardDeck.m in Sources */,
				9000D56316E092F000CE7421 /* PlayingCardView.m in Sources */,
				9000D56A16E1494900CE7421 /* PlayingCardCollectionViewCell.m in Sources */,
				9000D57216E1E0C100CE7421 /* SetCardView.m in Sources */,
				9000D57516E1E3BB00CE7421 /* SetCardViewCell.m in Sources */,
				9000D57816E28DF500CE7421 /* MatchingGame.m in Sources */,
			);
			runOnlyForDeploymentPostprocessing = 0;
		};
/* End PBXSourcesBuildPhase section */

/* Begin PBXVariantGroup section */
		90A7C17816BDAE7D0037D18D /* InfoPlist.strings */ = {
			isa = PBXVariantGroup;
			children = (
				90A7C17916BDAE7D0037D18D /* en */,
			);
			name = InfoPlist.strings;
			sourceTree = "<group>";
		};
		90A7C18716BDAE7D0037D18D /* MainStoryboard_iPhone.storyboard */ = {
			isa = PBXVariantGroup;
			children = (
				90A7C18816BDAE7D0037D18D /* en */,
			);
			name = MainStoryboard_iPhone.storyboard;
			sourceTree = "<group>";
		};
		90A7C18A16BDAE7D0037D18D /* MainStoryboard_iPad.storyboard */ = {
			isa = PBXVariantGroup;
			children = (
				90A7C18B16BDAE7D0037D18D /* en */,
			);
			name = MainStoryboard_iPad.storyboard;
			sourceTree = "<group>";
		};
/* End PBXVariantGroup section */

/* Begin XCBuildConfiguration section */
		90A7C19016BDAE7D0037D18D /* Debug */ = {
			isa = XCBuildConfiguration;
			buildSettings = {
				ALWAYS_SEARCH_USER_PATHS = NO;
				CLANG_CXX_LANGUAGE_STANDARD = "gnu++0x";
				CLANG_CXX_LIBRARY = "libc++";
				CLANG_ENABLE_OBJC_ARC = YES;
				CLANG_WARN_EMPTY_BODY = YES;
				CLANG_WARN__DUPLICATE_METHOD_MATCH = YES;
				"CODE_SIGN_IDENTITY[sdk=iphoneos*]" = "iPhone Developer";
				COPY_PHASE_STRIP = NO;
				GCC_C_LANGUAGE_STANDARD = gnu99;
				GCC_DYNAMIC_NO_PIC = NO;
				GCC_OPTIMIZATION_LEVEL = 0;
				GCC_PREPROCESSOR_DEFINITIONS = (
					"DEBUG=1",
					"$(inherited)",
				);
				GCC_SYMBOLS_PRIVATE_EXTERN = NO;
				GCC_WARN_ABOUT_RETURN_TYPE = YES;
				GCC_WARN_UNINITIALIZED_AUTOS = YES;
				GCC_WARN_UNUSED_VARIABLE = YES;
				IPHONEOS_DEPLOYMENT_TARGET = 6.0;
				SDKROOT = iphoneos;
				TARGETED_DEVICE_FAMILY = "1,2";
			};
			name = Debug;
		};
		90A7C19116BDAE7D0037D18D /* Release */ = {
			isa = XCBuildConfiguration;
			buildSettings = {
				ALWAYS_SEARCH_USER_PATHS = NO;
				CLANG_CXX_LANGUAGE_STANDARD = "gnu++0x";
				CLANG_CXX_LIBRARY = "libc++";
				CLANG_ENABLE_OBJC_ARC = YES;
				CLANG_WARN_EMPTY_BODY = YES;
				CLANG_WARN__DUPLICATE_METHOD_MATCH = YES;
				"CODE_SIGN_IDENTITY[sdk=iphoneos*]" = "iPhone Developer";
				COPY_PHASE_STRIP = YES;
				GCC_C_LANGUAGE_STANDARD = gnu99;
				GCC_WARN_ABOUT_RETURN_TYPE = YES;
				GCC_WARN_UNINITIALIZED_AUTOS = YES;
				GCC_WARN_UNUSED_VARIABLE = YES;
				IPHONEOS_DEPLOYMENT_TARGET = 6.0;
				OTHER_CFLAGS = "-DNS_BLOCK_ASSERTIONS=1";
				SDKROOT = iphoneos;
				TARGETED_DEVICE_FAMILY = "1,2";
				VALIDATE_PRODUCT = YES;
			};
			name = Release;
		};
		90A7C19316BDAE7D0037D18D /* Debug */ = {
			isa = XCBuildConfiguration;
			buildSettings = {
				GCC_PRECOMPILE_PREFIX_HEADER = YES;
				GCC_PREFIX_HEADER = "Matchismo/Matchismo-Prefix.pch";
				INFOPLIST_FILE = "Matchismo/Matchismo-Info.plist";
				PRODUCT_NAME = "$(TARGET_NAME)";
				WRAPPER_EXTENSION = app;
			};
			name = Debug;
		};
		90A7C19416BDAE7D0037D18D /* Release */ = {
			isa = XCBuildConfiguration;
			buildSettings = {
				GCC_PRECOMPILE_PREFIX_HEADER = YES;
				GCC_PREFIX_HEADER = "Matchismo/Matchismo-Prefix.pch";
				INFOPLIST_FILE = "Matchismo/Matchismo-Info.plist";
				PRODUCT_NAME = "$(TARGET_NAME)";
				WRAPPER_EXTENSION = app;
			};
			name = Release;
		};
/* End XCBuildConfiguration section */

/* Begin XCConfigurationList section */
		90A7C16516BDAE7D0037D18D /* Build configuration list for PBXProject "Matchismo" */ = {
			isa = XCConfigurationList;
			buildConfigurations = (
				90A7C19016BDAE7D0037D18D /* Debug */,
				90A7C19116BDAE7D0037D18D /* Release */,
			);
			defaultConfigurationIsVisible = 0;
			defaultConfigurationName = Release;
		};
		90A7C19216BDAE7D0037D18D /* Build configuration list for PBXNativeTarget "Matchismo" */ = {
			isa = XCConfigurationList;
			buildConfigurations = (
				90A7C19316BDAE7D0037D18D /* Debug */,
				90A7C19416BDAE7D0037D18D /* Release */,
			);
			defaultConfigurationIsVisible = 0;
			defaultConfigurationName = Release;
		};
/* End XCConfigurationList section */
	};
	rootObject = 90A7C16216BDAE7C0037D18D /* Project object */;
}
